lockfileVersion: 5.3

importers:

  .:
    specifiers:
      esbuild: ^0.14.11
      tsm: ^2.2.1
      uvu: ^0.5.3
    devDependencies:
      esbuild: 0.14.11
      tsm: 2.2.1
      uvu: 0.5.3

  packages/core:
    specifiers:
      dlv: ^1.1.3
    dependencies:
      dlv: 1.1.3

  packages/playground:
    specifiers:
      '@tokencss/core': workspace:*
      '@tokencss/postcss': workspace:*
      postcss-preset-env: ^7.2.3
      vite: ^2.7.12
    dependencies:
      postcss-preset-env: 7.2.3
      vite: 2.7.12
    devDependencies:
      '@tokencss/core': link:../core
      '@tokencss/postcss': link:../postcss

  packages/postcss:
    specifiers:
      '@proload/core': ^0.2.2
      '@proload/plugin-json': ^0.2.0
      '@tokencss/core': workspace:*
      magic-string: ^0.25.7
      postcss: ^8.4.5
      postcss-value-parser: ^4.2.0
    dependencies:
      '@proload/core': 0.2.2
      '@proload/plugin-json': 0.2.0_@proload+core@0.2.2
      '@tokencss/core': link:../core
      magic-string: 0.25.7
      postcss-value-parser: 4.2.0
    devDependencies:
      postcss: 8.4.5

  packages/preset-tailwind:
    specifiers: {}

packages:

  /@proload/core/0.2.2:
    resolution: {integrity: sha512-HYQEblYXIpW77kvGyW4penEl9D9e9MouPhTqVaDz9+QVFliYjsq18inTfnfTa81s3oraPVtTk60tqCWOf2fKGQ==}
    dependencies:
      deepmerge: 4.2.2
      escalade: 3.1.1
    dev: false

  /@proload/plugin-json/0.2.0_@proload+core@0.2.2:
    resolution: {integrity: sha512-uZRA24JC7PMyT092D1EgcHxoGexAwmPltet/WPKVUL+bQ03Y5AceDL672XaUPCaquL1CbAnurky+cp48yFQ+aA==}
    peerDependencies:
      '@proload/core': ^0.2.2
    dependencies:
      '@proload/core': 0.2.2
      jsonc-register: 0.2.0
    dev: false

  /autoprefixer/10.4.2:
    resolution: {integrity: sha512-9fOPpHKuDW1w/0EKfRmVnxTDt8166MAnLI3mgZ1JCnhNtYWxcJ6Ud5CO/AVOZi/AvFa8DY9RTy3h3+tFBlrrdQ==}
    engines: {node: ^10 || ^12 || >=14}
    hasBin: true
    peerDependencies:
      postcss: ^8.1.0
    dependencies:
      browserslist: 4.19.1
      caniuse-lite: 1.0.30001299
      fraction.js: 4.1.2
      normalize-range: 0.1.2
      picocolors: 1.0.0
      postcss-value-parser: 4.2.0
    dev: false

  /balanced-match/1.0.2:
    resolution: {integrity: sha512-3oSeUO0TMV67hN1AmbXsK4yaqU7tjiHlbxRDZOpH0KW9+CeX4bRAaX0Anxt0tx2MrpRpWwQaPwIlISEJhYU5Pw==}
    dev: false

  /browserslist/4.19.1:
    resolution: {integrity: sha512-u2tbbG5PdKRTUoctO3NBD8FQ5HdPh1ZXPHzp1rwaa5jTc+RV9/+RlWiAIKmjRPQF+xbGM9Kklj5bZQFa2s/38A==}
    engines: {node: ^6 || ^7 || ^8 || ^9 || ^10 || ^11 || ^12 || >=13.7}
    hasBin: true
    dependencies:
      caniuse-lite: 1.0.30001299
      electron-to-chromium: 1.4.46
      escalade: 3.1.1
      node-releases: 2.0.1
      picocolors: 1.0.0
    dev: false

  /caniuse-lite/1.0.30001299:
    resolution: {integrity: sha512-iujN4+x7QzqA2NCSrS5VUy+4gLmRd4xv6vbBBsmfVqTx8bLAD8097euLqQgKxSVLvxjSDcvF1T/i9ocgnUFexw==}
    dev: false

  /css-blank-pseudo/3.0.2:
    resolution: {integrity: sha512-hOb1LFjRR+8ocA071xUSmg5VslJ8NGo/I2qpUpdeAYyBVCgupS5O8SEVo4SxEMYyFBNodBkzG3T1iqW9HCXxew==}
    engines: {node: ^12 || ^14 || >=16}
    hasBin: true
    peerDependencies:
      postcss: ^8.3
    dependencies:
      postcss-selector-parser: 6.0.8
    dev: false

  /css-has-pseudo/3.0.3:
    resolution: {integrity: sha512-0gDYWEKaGacwxCqvQ3Ypg6wGdD1AztbMm5h1JsactG2hP2eiflj808QITmuWBpE7sjSEVrAlZhPTVd/nNMj/hQ==}
    engines: {node: ^12 || ^14 || >=16}
    hasBin: true
    peerDependencies:
      postcss: ^8.3
    dependencies:
      postcss-selector-parser: 6.0.8
    dev: false

  /css-prefers-color-scheme/6.0.2:
    resolution: {integrity: sha512-gv0KQBEM+q/XdoKyznovq3KW7ocO7k+FhPP+hQR1MenJdu0uPGS6IZa9PzlbqBeS6XcZJNAoqoFxlAUW461CrA==}
    engines: {node: ^12 || ^14 || >=16}
    hasBin: true
    peerDependencies:
      postcss: ^8.3
    dev: false

  /cssdb/5.1.0:
    resolution: {integrity: sha512-/vqjXhv1x9eGkE/zO6o8ZOI7dgdZbLVLUGyVRbPgk6YipXbW87YzUCcO+Jrmi5bwJlAH6oD+MNeZyRgXea1GZw==}
    dev: false

  /cssesc/3.0.0:
    resolution: {integrity: sha512-/Tb/JcjK111nNScGob5MNtsntNM1aCNUDipB/TkwZFhyDrrE47SOx/18wF2bbjgc3ZzCSKW1T5nt5EbFoAz/Vg==}
    engines: {node: '>=4'}
    hasBin: true
    dev: false

  /deepmerge/4.2.2:
    resolution: {integrity: sha512-FJ3UgI4gIl+PHZm53knsuSFpE+nESMr7M4v9QcgB7S63Kj/6WqMiFQJpBBYz1Pt+66bZpP3Q7Lye0Oo9MPKEdg==}
    engines: {node: '>=0.10.0'}
    dev: false

  /dequal/2.0.2:
    resolution: {integrity: sha512-q9K8BlJVxK7hQYqa6XISGmBZbtQQWVXSrRrWreHC94rMt1QL/Impruc+7p2CYSYuVIUr+YCt6hjrs1kkdJRTug==}
    engines: {node: '>=6'}
    dev: true

  /diff/5.0.0:
    resolution: {integrity: sha512-/VTCrvm5Z0JGty/BWHljh+BAiw3IK+2j87NGMu8Nwc/f48WoDAC395uomO9ZD117ZOBaHmkX1oyLvkVM/aIT3w==}
    engines: {node: '>=0.3.1'}
    dev: true

  /dlv/1.1.3:
    resolution: {integrity: sha512-+HlytyjlPKnIG8XuRG8WvmBP8xs8P71y+SKKS6ZXWoEgLuePxtDoUEiH7WkdePWrQ5JBpE6aoVqfZfJUQkjXwA==}
    dev: false

  /electron-to-chromium/1.4.46:
    resolution: {integrity: sha512-UtV0xUA/dibCKKP2JMxOpDtXR74zABevuUEH4K0tvduFSIoxRVcYmQsbB51kXsFTX8MmOyWMt8tuZAlmDOqkrQ==}
    dev: false

  /esbuild-android-arm64/0.13.15:
    resolution: {integrity: sha512-m602nft/XXeO8YQPUDVoHfjyRVPdPgjyyXOxZ44MK/agewFFkPa8tUo6lAzSWh5Ui5PB4KR9UIFTSBKh/RrCmg==}
    cpu: [arm64]
    os: [android]
    requiresBuild: true
    dev: false
    optional: true

  /esbuild-android-arm64/0.14.11:
    resolution: {integrity: sha512-6iHjgvMnC/SzDH8TefL+/3lgCjYWwAd1LixYfmz/TBPbDQlxcuSkX0yiQgcJB9k+ibZ54yjVXziIwGdlc+6WNw==}
    cpu: [arm64]
    os: [android]
    requiresBuild: true
    dev: true
    optional: true

  /esbuild-darwin-64/0.13.15:
    resolution: {integrity: sha512-ihOQRGs2yyp7t5bArCwnvn2Atr6X4axqPpEdCFPVp7iUj4cVSdisgvEKdNR7yH3JDjW6aQDw40iQFoTqejqxvQ==}
    cpu: [x64]
    os: [darwin]
    requiresBuild: true
    dev: false
    optional: true

  /esbuild-darwin-64/0.14.11:
    resolution: {integrity: sha512-olq84ikh6TiBcrs3FnM4eR5VPPlcJcdW8BnUz/lNoEWYifYQ+Po5DuYV1oz1CTFMw4k6bQIZl8T3yxL+ZT2uvQ==}
    cpu: [x64]
    os: [darwin]
    requiresBuild: true
    dev: true
    optional: true

  /esbuild-darwin-arm64/0.13.15:
    resolution: {integrity: sha512-i1FZssTVxUqNlJ6cBTj5YQj4imWy3m49RZRnHhLpefFIh0To05ow9DTrXROTE1urGTQCloFUXTX8QfGJy1P8dQ==}
    cpu: [arm64]
    os: [darwin]
    requiresBuild: true
    dev: false
    optional: true

  /esbuild-darwin-arm64/0.14.11:
    resolution: {integrity: sha512-Jj0ieWLREPBYr/TZJrb2GFH8PVzDqiQWavo1pOFFShrcmHWDBDrlDxPzEZ67NF/Un3t6sNNmeI1TUS/fe1xARg==}
    cpu: [arm64]
    os: [darwin]
    requiresBuild: true
    dev: true
    optional: true

  /esbuild-freebsd-64/0.13.15:
    resolution: {integrity: sha512-G3dLBXUI6lC6Z09/x+WtXBXbOYQZ0E8TDBqvn7aMaOCzryJs8LyVXKY4CPnHFXZAbSwkCbqiPuSQ1+HhrNk7EA==}
    cpu: [x64]
    os: [freebsd]
    requiresBuild: true
    dev: false
    optional: true

  /esbuild-freebsd-64/0.14.11:
    resolution: {integrity: sha512-C5sT3/XIztxxz/zwDjPRHyzj/NJFOnakAanXuyfLDwhwupKPd76/PPHHyJx6Po6NI6PomgVp/zi6GRB8PfrOTA==}
    cpu: [x64]
    os: [freebsd]
    requiresBuild: true
    dev: true
    optional: true

  /esbuild-freebsd-arm64/0.13.15:
    resolution: {integrity: sha512-KJx0fzEDf1uhNOZQStV4ujg30WlnwqUASaGSFPhznLM/bbheu9HhqZ6mJJZM32lkyfGJikw0jg7v3S0oAvtvQQ==}
    cpu: [arm64]
    os: [freebsd]
    requiresBuild: true
    dev: false
    optional: true

  /esbuild-freebsd-arm64/0.14.11:
    resolution: {integrity: sha512-y3Llu4wbs0bk4cwjsdAtVOesXb6JkdfZDLKMt+v1U3tOEPBdSu6w8796VTksJgPfqvpX22JmPLClls0h5p+L9w==}
    cpu: [arm64]
    os: [freebsd]
    requiresBuild: true
    dev: true
    optional: true

  /esbuild-linux-32/0.13.15:
    resolution: {integrity: sha512-ZvTBPk0YWCLMCXiFmD5EUtB30zIPvC5Itxz0mdTu/xZBbbHJftQgLWY49wEPSn2T/TxahYCRDWun5smRa0Tu+g==}
    cpu: [ia32]
    os: [linux]
    requiresBuild: true
    dev: false
    optional: true

  /esbuild-linux-32/0.14.11:
    resolution: {integrity: sha512-Cg3nVsxArjyLke9EuwictFF3Sva+UlDTwHIuIyx8qpxRYAOUTmxr2LzYrhHyTcGOleLGXUXYsnUVwKqnKAgkcg==}
    cpu: [ia32]
    os: [linux]
    requiresBuild: true
    dev: true
    optional: true

  /esbuild-linux-64/0.13.15:
    resolution: {integrity: sha512-eCKzkNSLywNeQTRBxJRQ0jxRCl2YWdMB3+PkWFo2BBQYC5mISLIVIjThNtn6HUNqua1pnvgP5xX0nHbZbPj5oA==}
    cpu: [x64]
    os: [linux]
    requiresBuild: true
    dev: false
    optional: true

  /esbuild-linux-64/0.14.11:
    resolution: {integrity: sha512-oeR6dIrrojr8DKVrxtH3xl4eencmjsgI6kPkDCRIIFwv4p+K7ySviM85K66BN01oLjzthpUMvBVfWSJkBLeRbg==}
    cpu: [x64]
    os: [linux]
    requiresBuild: true
    dev: true
    optional: true

  /esbuild-linux-arm/0.13.15:
    resolution: {integrity: sha512-wUHttDi/ol0tD8ZgUMDH8Ef7IbDX+/UsWJOXaAyTdkT7Yy9ZBqPg8bgB/Dn3CZ9SBpNieozrPRHm0BGww7W/jA==}
    cpu: [arm]
    os: [linux]
    requiresBuild: true
    dev: false
    optional: true

  /esbuild-linux-arm/0.14.11:
    resolution: {integrity: sha512-vcwskfD9g0tojux/ZaTJptJQU3a7YgTYsptK1y6LQ/rJmw7U5QJvboNawqM98Ca3ToYEucfCRGbl66OTNtp6KQ==}
    cpu: [arm]
    os: [linux]
    requiresBuild: true
    dev: true
    optional: true

  /esbuild-linux-arm64/0.13.15:
    resolution: {integrity: sha512-bYpuUlN6qYU9slzr/ltyLTR9YTBS7qUDymO8SV7kjeNext61OdmqFAzuVZom+OLW1HPHseBfJ/JfdSlx8oTUoA==}
    cpu: [arm64]
    os: [linux]
    requiresBuild: true
    dev: false
    optional: true

  /esbuild-linux-arm64/0.14.11:
    resolution: {integrity: sha512-+e6ZCgTFQYZlmg2OqLkg1jHLYtkNDksxWDBWNtI4XG4WxuOCUErLqfEt9qWjvzK3XBcCzHImrajkUjO+rRkbMg==}
    cpu: [arm64]
    os: [linux]
    requiresBuild: true
    dev: true
    optional: true

  /esbuild-linux-mips64le/0.13.15:
    resolution: {integrity: sha512-KlVjIG828uFPyJkO/8gKwy9RbXhCEUeFsCGOJBepUlpa7G8/SeZgncUEz/tOOUJTcWMTmFMtdd3GElGyAtbSWg==}
    cpu: [mips64el]
    os: [linux]
    requiresBuild: true
    dev: false
    optional: true

  /esbuild-linux-mips64le/0.14.11:
    resolution: {integrity: sha512-Rrs99L+p54vepmXIb87xTG6ukrQv+CzrM8eoeR+r/OFL2Rg8RlyEtCeshXJ2+Q66MXZOgPJaokXJZb9snq28bw==}
    cpu: [mips64el]
    os: [linux]
    requiresBuild: true
    dev: true
    optional: true

  /esbuild-linux-ppc64le/0.13.15:
    resolution: {integrity: sha512-h6gYF+OsaqEuBjeesTBtUPw0bmiDu7eAeuc2OEH9S6mV9/jPhPdhOWzdeshb0BskRZxPhxPOjqZ+/OqLcxQwEQ==}
    cpu: [ppc64]
    os: [linux]
    requiresBuild: true
    dev: false
    optional: true

  /esbuild-linux-ppc64le/0.14.11:
    resolution: {integrity: sha512-JyzziGAI0D30Vyzt0HDihp4s1IUtJ3ssV2zx9O/c+U/dhUHVP2TmlYjzCfCr2Q6mwXTeloDcLS4qkyvJtYptdQ==}
    cpu: [ppc64]
    os: [linux]
    requiresBuild: true
    dev: true
    optional: true

  /esbuild-linux-s390x/0.14.11:
    resolution: {integrity: sha512-DoThrkzunZ1nfRGoDN6REwmo8ZZWHd2ztniPVIR5RMw/Il9wiWEYBahb8jnMzQaSOxBsGp0PbyJeVLTUatnlcw==}
    cpu: [s390x]
    os: [linux]
    requiresBuild: true
    dev: true
    optional: true

  /esbuild-netbsd-64/0.13.15:
    resolution: {integrity: sha512-3+yE9emwoevLMyvu+iR3rsa+Xwhie7ZEHMGDQ6dkqP/ndFzRHkobHUKTe+NCApSqG5ce2z4rFu+NX/UHnxlh3w==}
    cpu: [x64]
    os: [netbsd]
    requiresBuild: true
    dev: false
    optional: true

  /esbuild-netbsd-64/0.14.11:
    resolution: {integrity: sha512-12luoRQz+6eihKYh1zjrw0CBa2aw3twIiHV/FAfjh2NEBDgJQOY4WCEUEN+Rgon7xmLh4XUxCQjnwrvf8zhACw==}
    cpu: [x64]
    os: [netbsd]
    requiresBuild: true
    dev: true
    optional: true

  /esbuild-openbsd-64/0.13.15:
    resolution: {integrity: sha512-wTfvtwYJYAFL1fSs8yHIdf5GEE4NkbtbXtjLWjM3Cw8mmQKqsg8kTiqJ9NJQe5NX/5Qlo7Xd9r1yKMMkHllp5g==}
    cpu: [x64]
    os: [openbsd]
    requiresBuild: true
    dev: false
    optional: true

  /esbuild-openbsd-64/0.14.11:
    resolution: {integrity: sha512-l18TZDjmvwW6cDeR4fmizNoxndyDHamGOOAenwI4SOJbzlJmwfr0jUgjbaXCUuYVOA964siw+Ix+A+bhALWg8Q==}
    cpu: [x64]
    os: [openbsd]
    requiresBuild: true
    dev: true
    optional: true

  /esbuild-sunos-64/0.13.15:
    resolution: {integrity: sha512-lbivT9Bx3t1iWWrSnGyBP9ODriEvWDRiweAs69vI+miJoeKwHWOComSRukttbuzjZ8r1q0mQJ8Z7yUsDJ3hKdw==}
    cpu: [x64]
    os: [sunos]
    requiresBuild: true
    dev: false
    optional: true

  /esbuild-sunos-64/0.14.11:
    resolution: {integrity: sha512-bmYzDtwASBB8c+0/HVOAiE9diR7+8zLm/i3kEojUH2z0aIs6x/S4KiTuT5/0VKJ4zk69kXel1cNWlHBMkmavQg==}
    cpu: [x64]
    os: [sunos]
    requiresBuild: true
    dev: true
    optional: true

  /esbuild-windows-32/0.13.15:
    resolution: {integrity: sha512-fDMEf2g3SsJ599MBr50cY5ve5lP1wyVwTe6aLJsM01KtxyKkB4UT+fc5MXQFn3RLrAIAZOG+tHC+yXObpSn7Nw==}
    cpu: [ia32]
    os: [win32]
    requiresBuild: true
    dev: false
    optional: true

  /esbuild-windows-32/0.14.11:
    resolution: {integrity: sha512-J1Ys5hMid8QgdY00OBvIolXgCQn1ARhYtxPnG6ESWNTty3ashtc4+As5nTrsErnv8ZGUcWZe4WzTP/DmEVX1UQ==}
    cpu: [ia32]
    os: [win32]
    requiresBuild: true
    dev: true
    optional: true

  /esbuild-windows-64/0.13.15:
    resolution: {integrity: sha512-9aMsPRGDWCd3bGjUIKG/ZOJPKsiztlxl/Q3C1XDswO6eNX/Jtwu4M+jb6YDH9hRSUflQWX0XKAfWzgy5Wk54JQ==}
    cpu: [x64]
    os: [win32]
    requiresBuild: true
    dev: false
    optional: true

  /esbuild-windows-64/0.14.11:
    resolution: {integrity: sha512-h9FmMskMuGeN/9G9+LlHPAoiQk9jlKDUn9yA0MpiGzwLa82E7r1b1u+h2a+InprbSnSLxDq/7p5YGtYVO85Mlg==}
    cpu: [x64]
    os: [win32]
    requiresBuild: true
    dev: true
    optional: true

  /esbuild-windows-arm64/0.13.15:
    resolution: {integrity: sha512-zzvyCVVpbwQQATaf3IG8mu1IwGEiDxKkYUdA4FpoCHi1KtPa13jeScYDjlW0Qh+ebWzpKfR2ZwvqAQkSWNcKjA==}
    cpu: [arm64]
    os: [win32]
    requiresBuild: true
    dev: false
    optional: true

  /esbuild-windows-arm64/0.14.11:
    resolution: {integrity: sha512-dZp7Krv13KpwKklt9/1vBFBMqxEQIO6ri7Azf8C+ob4zOegpJmha2XY9VVWP/OyQ0OWk6cEeIzMJwInRZrzBUQ==}
    cpu: [arm64]
    os: [win32]
    requiresBuild: true
    dev: true
    optional: true

  /esbuild/0.13.15:
    resolution: {integrity: sha512-raCxt02HBKv8RJxE8vkTSCXGIyKHdEdGfUmiYb8wnabnaEmHzyW7DCHb5tEN0xU8ryqg5xw54mcwnYkC4x3AIw==}
    hasBin: true
    requiresBuild: true
    optionalDependencies:
      esbuild-android-arm64: 0.13.15
      esbuild-darwin-64: 0.13.15
      esbuild-darwin-arm64: 0.13.15
      esbuild-freebsd-64: 0.13.15
      esbuild-freebsd-arm64: 0.13.15
      esbuild-linux-32: 0.13.15
      esbuild-linux-64: 0.13.15
      esbuild-linux-arm: 0.13.15
      esbuild-linux-arm64: 0.13.15
      esbuild-linux-mips64le: 0.13.15
      esbuild-linux-ppc64le: 0.13.15
      esbuild-netbsd-64: 0.13.15
      esbuild-openbsd-64: 0.13.15
      esbuild-sunos-64: 0.13.15
      esbuild-windows-32: 0.13.15
      esbuild-windows-64: 0.13.15
      esbuild-windows-arm64: 0.13.15
    dev: false

  /esbuild/0.14.11:
    resolution: {integrity: sha512-xZvPtVj6yecnDeFb3KjjCM6i7B5TCAQZT77kkW/CpXTMnd6VLnRPKrUB1XHI1pSq6a4Zcy3BGueQ8VljqjDGCg==}
    hasBin: true
    requiresBuild: true
    optionalDependencies:
      esbuild-android-arm64: 0.14.11
      esbuild-darwin-64: 0.14.11
      esbuild-darwin-arm64: 0.14.11
      esbuild-freebsd-64: 0.14.11
      esbuild-freebsd-arm64: 0.14.11
      esbuild-linux-32: 0.14.11
      esbuild-linux-64: 0.14.11
      esbuild-linux-arm: 0.14.11
      esbuild-linux-arm64: 0.14.11
      esbuild-linux-mips64le: 0.14.11
      esbuild-linux-ppc64le: 0.14.11
      esbuild-linux-s390x: 0.14.11
      esbuild-netbsd-64: 0.14.11
      esbuild-openbsd-64: 0.14.11
      esbuild-sunos-64: 0.14.11
      esbuild-windows-32: 0.14.11
      esbuild-windows-64: 0.14.11
      esbuild-windows-arm64: 0.14.11
    dev: true

  /escalade/3.1.1:
    resolution: {integrity: sha512-k0er2gUkLf8O0zKJiAhmkTnJlTvINGv7ygDNPbeIsX/TJjGJZHuh9B2UxbsaEkmlEo9MfhrSzmhIlhRlI2GXnw==}
    engines: {node: '>=6'}
    dev: false

  /fraction.js/4.1.2:
    resolution: {integrity: sha512-o2RiJQ6DZaR/5+Si0qJUIy637QMRudSi9kU/FFzx9EZazrIdnBgpU+3sEWCxAVhH2RtxW2Oz+T4p2o8uOPVcgA==}
    dev: false

  /fsevents/2.3.2:
    resolution: {integrity: sha512-xiqMQR4xAeHTuB9uWm+fFRcIOgKBMiOBP+eXiyT7jsgVCq1bkVygt00oASowB7EdtpOHaaPgKt812P9ab+DDKA==}
    engines: {node: ^8.16.0 || ^10.6.0 || >=11.0.0}
    os: [darwin]
    requiresBuild: true
    dev: false
    optional: true

  /function-bind/1.1.1:
    resolution: {integrity: sha512-yIovAzMX49sF8Yl58fSCWJ5svSLuaibPxXQJFLmBObTuCr0Mf1KiPopGM9NiFjiYBCbfaa2Fh6breQ6ANVTI0A==}
    dev: false

  /has/1.0.3:
    resolution: {integrity: sha512-f2dvO0VU6Oej7RkWJGrehjbzMAjFp5/VKPp5tTpWIV4JHHZK1/BxbFRtf/siA2SWTe09caDmVtYYzWEIbBS4zw==}
    engines: {node: '>= 0.4.0'}
    dependencies:
      function-bind: 1.1.1
    dev: false

  /is-core-module/2.8.1:
    resolution: {integrity: sha512-SdNCUs284hr40hFTFP6l0IfZ/RSrMXF3qgoRHd3/79unUTvrFO/JoXwkGm+5J/Oe3E/b5GsnG330uUNgRpu1PA==}
    dependencies:
      has: 1.0.3
    dev: false

  /jsonc-register/0.2.0:
    resolution: {integrity: sha512-wzsgJUdIntyH0SsoMFf1K4SAEipHAtKTdY1OZakDY/azflRiSrK1CsVHgc0hHRhlJ3MtB91f6O9tkluQ1XUFsA==}
    dependencies:
      pirates: 4.0.4
      strip-json-comments: 3.1.1
    dev: false

  /kleur/4.1.4:
    resolution: {integrity: sha512-8QADVssbrFjivHWQU7KkMgptGTl6WAcSdlbBPY4uNF+mWr6DGcKrvY2w4FQJoXch7+fKMjj0dRrL75vk3k23OA==}
    engines: {node: '>=6'}
    dev: true

  /magic-string/0.25.7:
    resolution: {integrity: sha512-4CrMT5DOHTDk4HYDlzmwu4FVCcIYI8gauveasrdCu2IKIFOJ3f0v/8MDGJCDL9oD2ppz/Av1b0Nj345H9M+XIA==}
    dependencies:
      sourcemap-codec: 1.4.8
    dev: false

  /mri/1.2.0:
    resolution: {integrity: sha512-tzzskb3bG8LvYGFF/mDTpq3jpI6Q9wc3LEmBaghu+DdCssd1FakN7Bc0hVNmEyGq1bq3RgfkCb3cmQLpNPOroA==}
    engines: {node: '>=4'}
    dev: true

  /nanoid/3.1.32:
    resolution: {integrity: sha512-F8mf7R3iT9bvThBoW4tGXhXFHCctyCiUUPrWF8WaTqa3h96d9QybkSeba43XVOOE3oiLfkVDe4bT8MeGmkrTxw==}
    engines: {node: ^10 || ^12 || ^13.7 || ^14 || >=15.0.1}
    hasBin: true

  /node-releases/2.0.1:
    resolution: {integrity: sha512-CqyzN6z7Q6aMeF/ktcMVTzhAHCEpf8SOarwpzpf8pNBY2k5/oM34UHldUwp8VKI7uxct2HxSRdJjBaZeESzcxA==}
    dev: false

  /normalize-range/0.1.2:
    resolution: {integrity: sha1-LRDAa9/TEuqXd2laTShDlFa3WUI=}
    engines: {node: '>=0.10.0'}
    dev: false

  /path-parse/1.0.7:
    resolution: {integrity: sha512-LDJzPVEEEPR+y48z93A0Ed0yXb8pAByGWo/k5YYdYgpY2/2EsOsksJrq7lOHxryrVOn1ejG6oAp8ahvOIQD8sw==}
    dev: false

  /picocolors/1.0.0:
    resolution: {integrity: sha512-1fygroTLlHu66zi26VoTDv8yRgm0Fccecssto+MhsZ0D/DGW2sm8E8AjW7NU5VVTRt5GxbeZ5qBuJr+HyLYkjQ==}

  /pirates/4.0.4:
    resolution: {integrity: sha512-ZIrVPH+A52Dw84R0L3/VS9Op04PuQ2SEoJL6bkshmiTic/HldyW9Tf7oH5mhJZBK7NmDx27vSMrYEXPXclpDKw==}
    engines: {node: '>= 6'}
    dev: false

  /postcss-attribute-case-insensitive/5.0.0:
    resolution: {integrity: sha512-b4g9eagFGq9T5SWX4+USfVyjIb3liPnjhHHRMP7FMB2kFVpYyfEscV0wP3eaXhKlcHKUut8lt5BGoeylWA/dBQ==}
    peerDependencies:
      postcss: ^8.0.2
    dependencies:
      postcss-selector-parser: 6.0.8
    dev: false

  /postcss-color-functional-notation/4.2.1:
    resolution: {integrity: sha512-62OBIXCjRXpQZcFOYIXwXBlpAVWrYk8ek1rcjvMING4Q2cf0ipyN9qT+BhHA6HmftGSEnFQu2qgKO3gMscl3Rw==}
    engines: {node: ^12 || ^14 || >=16}
    peerDependencies:
      postcss: ^8.3
    dependencies:
      postcss-value-parser: 4.2.0
    dev: false

  /postcss-color-hex-alpha/8.0.2:
    resolution: {integrity: sha512-gyx8RgqSmGVK156NAdKcsfkY3KPGHhKqvHTL3hhveFrBBToguKFzhyiuk3cljH6L4fJ0Kv+JENuPXs1Wij27Zw==}
    engines: {node: ^12 || ^14 || >=16}
    peerDependencies:
      postcss: ^8.3
    dependencies:
      postcss-value-parser: 4.2.0
    dev: false

  /postcss-color-rebeccapurple/7.0.2:
    resolution: {integrity: sha512-SFc3MaocHaQ6k3oZaFwH8io6MdypkUtEy/eXzXEB1vEQlO3S3oDc/FSZA8AsS04Z25RirQhlDlHLh3dn7XewWw==}
    engines: {node: ^12 || ^14 || >=16}
    peerDependencies:
      postcss: ^8.3
    dependencies:
      postcss-value-parser: 4.2.0
    dev: false

  /postcss-custom-media/8.0.0:
    resolution: {integrity: sha512-FvO2GzMUaTN0t1fBULDeIvxr5IvbDXcIatt6pnJghc736nqNgsGao5NT+5+WVLAQiTt6Cb3YUms0jiPaXhL//g==}
    engines: {node: '>=10.0.0'}
    peerDependencies:
      postcss: ^8.1.0
    dev: false

  /postcss-custom-properties/12.1.3:
    resolution: {integrity: sha512-rtu3otIeY532PnEuuBrIIe+N+pcdbX/7JMZfrcL09wc78YayrHw5E8UkDfvnlOhEUrI4ptCuzXQfj+Or6spbGA==}
    engines: {node: ^12 || ^14 || >=16}
    peerDependencies:
      postcss: ^8.3
    dependencies:
      postcss-value-parser: 4.2.0
    dev: false

  /postcss-custom-selectors/6.0.0:
    resolution: {integrity: sha512-/1iyBhz/W8jUepjGyu7V1OPcGbc636snN1yXEQCinb6Bwt7KxsiU7/bLQlp8GwAXzCh7cobBU5odNn/2zQWR8Q==}
    engines: {node: '>=10.0.0'}
    peerDependencies:
      postcss: ^8.1.2
    dependencies:
      postcss-selector-parser: 6.0.8
    dev: false

  /postcss-dir-pseudo-class/6.0.3:
    resolution: {integrity: sha512-qiPm+CNAlgXiMf0J5IbBBEXA9l/Q5HGsNGkL3znIwT2ZFRLGY9U2fTUpa4lqCUXQOxaLimpacHeQC80BD2qbDw==}
    engines: {node: ^12 || ^14 || >=16}
    peerDependencies:
      postcss: ^8.3
    dependencies:
      postcss-selector-parser: 6.0.8
    dev: false

  /postcss-double-position-gradients/3.0.4:
    resolution: {integrity: sha512-qz+s5vhKJlsHw8HjSs+HVk2QGFdRyC68KGRQGX3i+GcnUjhWhXQEmCXW6siOJkZ1giu0ddPwSO6I6JdVVVPoog==}
    engines: {node: ^12 || ^14 || >=16}
    peerDependencies:
      postcss: ^8.3
    dependencies:
      postcss-value-parser: 4.2.0
    dev: false

  /postcss-env-function/4.0.4:
    resolution: {integrity: sha512-0ltahRTPtXSIlEZFv7zIvdEib7HN0ZbUQxrxIKn8KbiRyhALo854I/CggU5lyZe6ZBvSTJ6Al2vkZecI2OhneQ==}
    engines: {node: ^12 || ^14 || >=16}
    peerDependencies:
      postcss: ^8.3
    dependencies:
      postcss-value-parser: 4.2.0
    dev: false

  /postcss-focus-visible/6.0.3:
    resolution: {integrity: sha512-ozOsg+L1U8S+rxSHnJJiET6dNLyADcPHhEarhhtCI9DBLGOPG/2i4ddVoFch9LzrBgb8uDaaRI4nuid2OM82ZA==}
    engines: {node: ^12 || ^14 || >=16}
    peerDependencies:
      postcss: ^8.3
    dependencies:
      postcss-selector-parser: 6.0.8
    dev: false

  /postcss-focus-within/5.0.3:
    resolution: {integrity: sha512-fk9y2uFS6/Kpp7/A9Hz9Z4rlFQ8+tzgBcQCXAFSrXFGAbKx+4ZZOmmfHuYjCOMegPWoz0pnC6fNzi8j7Xyqp5Q==}
    engines: {node: ^12 || ^14 || >=16}
    peerDependencies:
      postcss: ^8.3
    dependencies:
      postcss-selector-parser: 6.0.8
    dev: false

  /postcss-font-variant/5.0.0:
    resolution: {integrity: sha512-1fmkBaCALD72CK2a9i468mA/+tr9/1cBxRRMXOUaZqO43oWPR5imcyPjXwuv7PXbCid4ndlP5zWhidQVVa3hmA==}
    peerDependencies:
      postcss: ^8.1.0
    dev: false

  /postcss-gap-properties/3.0.2:
    resolution: {integrity: sha512-EaMy/pbxtQnKDsnbEjdqlkCkROTQZzolcLKgIE+3b7EuJfJydH55cZeHfm+MtIezXRqhR80VKgaztO/vHq94Fw==}
    engines: {node: ^12 || ^14 || >=16}
    peerDependencies:
      postcss: ^8.3
    dev: false

  /postcss-image-set-function/4.0.4:
    resolution: {integrity: sha512-BlEo9gSTj66lXjRNByvkMK9dEdEGFXRfGjKRi9fo8s0/P3oEk74cAoonl/utiM50E2OPVb/XSu+lWvdW4KtE/Q==}
    engines: {node: ^12 || ^14 || >=16}
    peerDependencies:
      postcss: ^8.3
    dependencies:
      postcss-value-parser: 4.2.0
    dev: false

  /postcss-initial/4.0.1:
    resolution: {integrity: sha512-0ueD7rPqX8Pn1xJIjay0AZeIuDoF+V+VvMt/uOnn+4ezUKhZM/NokDeP6DwMNyIoYByuN/94IQnt5FEkaN59xQ==}
    peerDependencies:
      postcss: ^8.0.0
    dev: false

  /postcss-lab-function/4.0.3:
    resolution: {integrity: sha512-MH4tymWmefdZQ7uVG/4icfLjAQmH6o2NRYyVh2mKoB4RXJp9PjsyhZwhH4ouaCQHvg+qJVj3RzeAR1EQpIlXZA==}
    engines: {node: ^12 || ^14 || >=16}
    peerDependencies:
      postcss: ^8.3
    dependencies:
      postcss-value-parser: 4.2.0
    dev: false

  /postcss-logical/5.0.3:
    resolution: {integrity: sha512-P5NcHWYrif0vK8rgOy/T87vg0WRIj3HSknrvp1wzDbiBeoDPVmiVRmkown2eSQdpPveat/MC1ess5uhzZFVnqQ==}
    engines: {node: ^12 || ^14 || >=16}
    peerDependencies:
      postcss: ^8.3
    dev: false

  /postcss-media-minmax/5.0.0:
    resolution: {integrity: sha512-yDUvFf9QdFZTuCUg0g0uNSHVlJ5X1lSzDZjPSFaiCWvjgsvu8vEVxtahPrLMinIDEEGnx6cBe6iqdx5YWz08wQ==}
    engines: {node: '>=10.0.0'}
    peerDependencies:
      postcss: ^8.1.0
    dev: false

  /postcss-nesting/10.1.2:
    resolution: {integrity: sha512-dJGmgmsvpzKoVMtDMQQG/T6FSqs6kDtUDirIfl4KnjMCiY9/ETX8jdKyCd20swSRAbUYkaBKV20pxkzxoOXLqQ==}
    engines: {node: ^12 || ^14 || >=16}
    peerDependencies:
      postcss: ^8.3
    dependencies:
      postcss-selector-parser: 6.0.8
    dev: false

  /postcss-overflow-shorthand/3.0.2:
    resolution: {integrity: sha512-odBMVt6PTX7jOE9UNvmnLrFzA9pXS44Jd5shFGGtSHY80QCuJF+14McSy0iavZggRZ9Oj//C9vOKQmexvyEJMg==}
    engines: {node: ^12 || ^14 || >=16}
    peerDependencies:
      postcss: ^8.3
    dev: false

  /postcss-page-break/3.0.4:
    resolution: {integrity: sha512-1JGu8oCjVXLa9q9rFTo4MbeeA5FMe00/9C7lN4va606Rdb+HkxXtXsmEDrIraQ11fGz/WvKWa8gMuCKkrXpTsQ==}
    peerDependencies:
      postcss: ^8
    dev: false

  /postcss-place/7.0.3:
    resolution: {integrity: sha512-tDQ3m+GYoOar+KoQgj+pwPAvGHAp/Sby6vrFiyrELrMKQJ4AejL0NcS0mm296OKKYA2SRg9ism/hlT/OLhBrdQ==}
    engines: {node: ^12 || ^14 || >=16}
    peerDependencies:
      postcss: ^8.3
    dependencies:
      postcss-value-parser: 4.2.0
    dev: false

  /postcss-preset-env/7.2.3:
    resolution: {integrity: sha512-Ok0DhLfwrcNGrBn8sNdy1uZqWRk/9FId0GiQ39W4ILop5GHtjJs8bu1MY9isPwHInpVEPWjb4CEcEaSbBLpfwA==}
    engines: {node: ^12 || ^14 || >=16}
    peerDependencies:
      postcss: ^8.4
    dependencies:
      autoprefixer: 10.4.2
      browserslist: 4.19.1
      caniuse-lite: 1.0.30001299
      css-blank-pseudo: 3.0.2
      css-has-pseudo: 3.0.3
      css-prefers-color-scheme: 6.0.2
      cssdb: 5.1.0
      postcss-attribute-case-insensitive: 5.0.0
      postcss-color-functional-notation: 4.2.1
      postcss-color-hex-alpha: 8.0.2
      postcss-color-rebeccapurple: 7.0.2
      postcss-custom-media: 8.0.0
      postcss-custom-properties: 12.1.3
      postcss-custom-selectors: 6.0.0
      postcss-dir-pseudo-class: 6.0.3
      postcss-double-position-gradients: 3.0.4
      postcss-env-function: 4.0.4
      postcss-focus-visible: 6.0.3
      postcss-focus-within: 5.0.3
      postcss-font-variant: 5.0.0
      postcss-gap-properties: 3.0.2
      postcss-image-set-function: 4.0.4
      postcss-initial: 4.0.1
      postcss-lab-function: 4.0.3
      postcss-logical: 5.0.3
      postcss-media-minmax: 5.0.0
      postcss-nesting: 10.1.2
      postcss-overflow-shorthand: 3.0.2
      postcss-page-break: 3.0.4
      postcss-place: 7.0.3
      postcss-pseudo-class-any-link: 7.0.2
      postcss-replace-overflow-wrap: 4.0.0
      postcss-selector-not: 5.0.0
    dev: false

  /postcss-pseudo-class-any-link/7.0.2:
    resolution: {integrity: sha512-CG35J1COUH7OOBgpw5O+0koOLUd5N4vUGKUqSAuIe4GiuLHWU96Pqp+UPC8QITTd12zYAFx76pV7qWT/0Aj/TA==}
    engines: {node: ^12 || ^14 || >=16}
    peerDependencies:
      postcss: ^8.3
    dependencies:
      postcss-selector-parser: 6.0.8
    dev: false

  /postcss-replace-overflow-wrap/4.0.0:
    resolution: {integrity: sha512-KmF7SBPphT4gPPcKZc7aDkweHiKEEO8cla/GjcBK+ckKxiZslIu3C4GCRW3DNfL0o7yW7kMQu9xlZ1kXRXLXtw==}
    peerDependencies:
      postcss: ^8.0.3
    dev: false

  /postcss-selector-not/5.0.0:
    resolution: {integrity: sha512-/2K3A4TCP9orP4TNS7u3tGdRFVKqz/E6pX3aGnriPG0jU78of8wsUcqE4QAhWEU0d+WnMSF93Ah3F//vUtK+iQ==}
    peerDependencies:
      postcss: ^8.1.0
    dependencies:
      balanced-match: 1.0.2
    dev: false

  /postcss-selector-parser/6.0.8:
    resolution: {integrity: sha512-D5PG53d209Z1Uhcc0qAZ5U3t5HagH3cxu+WLZ22jt3gLUpXM4eXXfiO14jiDWST3NNooX/E8wISfOhZ9eIjGTQ==}
    engines: {node: '>=4'}
    dependencies:
      cssesc: 3.0.0
      util-deprecate: 1.0.2
    dev: false

  /postcss-value-parser/4.2.0:
    resolution: {integrity: sha512-1NNCs6uurfkVbeXG4S8JFT9t19m45ICnif8zWLd5oPSZ50QnwMfK+H3jv408d4jw/7Bttv5axS5IiHoLaVNHeQ==}
    dev: false

  /postcss/8.4.5:
    resolution: {integrity: sha512-jBDboWM8qpaqwkMwItqTQTiFikhs/67OYVvblFFTM7MrZjt6yMKd6r2kgXizEbTTljacm4NldIlZnhbjr84QYg==}
    engines: {node: ^10 || ^12 || >=14}
    dependencies:
      nanoid: 3.1.32
      picocolors: 1.0.0
      source-map-js: 1.0.1

  /resolve/1.21.0:
    resolution: {integrity: sha512-3wCbTpk5WJlyE4mSOtDLhqQmGFi0/TD9VPwmiolnk8U0wRgMEktqCXd3vy5buTO3tljvalNvKrjHEfrd2WpEKA==}
    hasBin: true
    dependencies:
      is-core-module: 2.8.1
      path-parse: 1.0.7
      supports-preserve-symlinks-flag: 1.0.0
    dev: false

  /rollup/2.64.0:
    resolution: {integrity: sha512-+c+lbw1lexBKSMb1yxGDVfJ+vchJH3qLbmavR+awDinTDA2C5Ug9u7lkOzj62SCu0PKUExsW36tpgW7Fmpn3yQ==}
    engines: {node: '>=10.0.0'}
    hasBin: true
    optionalDependencies:
      fsevents: 2.3.2
    dev: false

  /sade/1.8.1:
    resolution: {integrity: sha512-xal3CZX1Xlo/k4ApwCFrHVACi9fBqJ7V+mwhBsuf/1IOKbBy098Fex+Wa/5QMubw09pSZ/u8EY8PWgevJsXp1A==}
    engines: {node: '>=6'}
    dependencies:
      mri: 1.2.0
    dev: true

  /source-map-js/1.0.1:
    resolution: {integrity: sha512-4+TN2b3tqOCd/kaGRJ/sTYA0tR0mdXx26ipdolxcwtJVqEnqNYvlCAt1q3ypy4QMlYus+Zh34RNtYLoq2oQ4IA==}
    engines: {node: '>=0.10.0'}

  /sourcemap-codec/1.4.8:
    resolution: {integrity: sha512-9NykojV5Uih4lgo5So5dtw+f0JgJX30KCNI8gwhz2J9A15wD0Ml6tjHKwf6fTSa6fAdVBdZeNOs9eJ71qCk8vA==}
    dev: false

  /strip-json-comments/3.1.1:
    resolution: {integrity: sha512-6fPc+R4ihwqP6N/aIv2f1gMH8lOVtWQHoqC4yK6oSDVVocumAsfCqjkXnqiYMhmMwS/mEHLp7Vehlt3ql6lEig==}
    engines: {node: '>=8'}
    dev: false

  /supports-preserve-symlinks-flag/1.0.0:
    resolution: {integrity: sha512-ot0WnXS9fgdkgIcePe6RHNk1WA8+muPa6cSjeR3V8K27q9BB1rTE3R1p7Hv0z1ZyAc8s6Vvv8DIyWf681MAt0w==}
    engines: {node: '>= 0.4'}
    dev: false

  /tsm/2.2.1:
    resolution: {integrity: sha512-qvJB0baPnxQJolZru11mRgGTdNlx17WqgJnle7eht3Vhb+VUR4/zFA5hFl6NqRe7m8BD9w/6yu0B2XciRrdoJA==}
    engines: {node: '>=12'}
    hasBin: true
    dependencies:
      esbuild: 0.14.11
    dev: true

  /util-deprecate/1.0.2:
    resolution: {integrity: sha1-RQ1Nyfpw3nMnYvvS1KKJgUGaDM8=}
    dev: false

  /uvu/0.5.3:
    resolution: {integrity: sha512-brFwqA3FXzilmtnIyJ+CxdkInkY/i4ErvP7uV0DnUVxQcQ55reuHphorpF+tZoVHK2MniZ/VJzI7zJQoc9T9Yw==}
    engines: {node: '>=8'}
    hasBin: true
    dependencies:
      dequal: 2.0.2
      diff: 5.0.0
      kleur: 4.1.4
      sade: 1.8.1
    dev: true

  /vite/2.7.12:
    resolution: {integrity: sha512-KvPYToRQWhRfBeVkyhkZ5hASuHQkqZUUdUcE3xyYtq5oYEPIJ0h9LWiWTO6v990glmSac2cEPeYeXzpX5Z6qKQ==}
    engines: {node: '>=12.2.0'}
    hasBin: true
    peerDependencies:
      less: '*'
      sass: '*'
      stylus: '*'
    peerDependenciesMeta:
      less:
        optional: true
      sass:
        optional: true
      stylus:
        optional: true
    dependencies:
      esbuild: 0.13.15
      postcss: 8.4.5
      resolve: 1.21.0
      rollup: 2.64.0
    optionalDependencies:
      fsevents: 2.3.2
    dev: false
